
Microsoft Visual Studio Solution File, Format Version 12.00
# Visual Studio Version 17
VisualStudioVersion = 17.7.34221.43
MinimumVisualStudioVersion = 10.0.40219.1
Project("{FAE04EC0-301F-11D3-BF4B-00C04F79EFBC}") = "test_1203", "test_1203\test_1203.csproj", "{9AF3E3B9-29CF-4671-BB72-360C13ED185A}"
EndProject
Global
	GlobalSection(SolutionConfigurationPlatforms) = preSolution
		Debug|Any CPU = Debug|Any CPU
		Release|Any CPU = Release|Any CPU
	EndGlobalSection
	GlobalSection(ProjectConfigurationPlatforms) = postSolution
		{9AF3E3B9-29CF-4671-BB72-360C13ED185A}.Debug|Any CPU.ActiveCfg = Debug|Any CPU
		{9AF3E3B9-29CF-4671-BB72-360C13ED185A}.Debug|Any CPU.Build.0 = Debug|Any CPU
		{9AF3E3B9-29CF-4671-BB72-360C13ED185A}.Release|Any CPU.ActiveCfg = Release|Any CPU
		{9AF3E3B9-29CF-4671-BB72-360C13ED185A}.Release|Any CPU.Build.0 = Release|Any CPU
	EndGlobalSection
	GlobalSection(SolutionProperties) = preSolution
		HideSolutionNode = FALSE
	EndGlobalSection
	GlobalSection(ExtensibilityGlobals) = postSolution
		SolutionGuid = {D8FE21B2-6D1A-48DE-AE33-0C36FEC7B3BA}
	EndGlobalSection
EndGlobal
