
Microsoft Visual Studio Solution File, Format Version 12.00
# Visual Studio Version 17
VisualStudioVersion = 17.7.34202.233
MinimumVisualStudioVersion = 10.0.40219.1
Project("{FAE04EC0-301F-11D3-BF4B-00C04F79EFBC}") = "test_10_24", "test_10_24\test_10_24.csproj", "{3EE42519-67D8-4702-8E11-4409D1830997}"
EndProject
Global
	GlobalSection(SolutionConfigurationPlatforms) = preSolution
		Debug|Any CPU = Debug|Any CPU
		Release|Any CPU = Release|Any CPU
	EndGlobalSection
	GlobalSection(ProjectConfigurationPlatforms) = postSolution
		{3EE42519-67D8-4702-8E11-4409D1830997}.Debug|Any CPU.ActiveCfg = Debug|Any CPU
		{3EE42519-67D8-4702-8E11-4409D1830997}.Debug|Any CPU.Build.0 = Debug|Any CPU
		{3EE42519-67D8-4702-8E11-4409D1830997}.Release|Any CPU.ActiveCfg = Release|Any CPU
		{3EE42519-67D8-4702-8E11-4409D1830997}.Release|Any CPU.Build.0 = Release|Any CPU
	EndGlobalSection
	GlobalSection(SolutionProperties) = preSolution
		HideSolutionNode = FALSE
	EndGlobalSection
	GlobalSection(ExtensibilityGlobals) = postSolution
		SolutionGuid = {65742640-E87A-4FC7-954C-B183BBFD80FF}
	EndGlobalSection
EndGlobal
