
Microsoft Visual Studio Solution File, Format Version 12.00
# Visual Studio Version 17
VisualStudioVersion = 17.7.34221.43
MinimumVisualStudioVersion = 10.0.40219.1
Project("{FAE04EC0-301F-11D3-BF4B-00C04F79EFBC}") = "test_1201", "test_1201\test_1201.csproj", "{8E5C9305-A192-45A7-9786-B83A80399813}"
EndProject
Global
	GlobalSection(SolutionConfigurationPlatforms) = preSolution
		Debug|Any CPU = Debug|Any CPU
		Release|Any CPU = Release|Any CPU
	EndGlobalSection
	GlobalSection(ProjectConfigurationPlatforms) = postSolution
		{8E5C9305-A192-45A7-9786-B83A80399813}.Debug|Any CPU.ActiveCfg = Debug|Any CPU
		{8E5C9305-A192-45A7-9786-B83A80399813}.Debug|Any CPU.Build.0 = Debug|Any CPU
		{8E5C9305-A192-45A7-9786-B83A80399813}.Release|Any CPU.ActiveCfg = Release|Any CPU
		{8E5C9305-A192-45A7-9786-B83A80399813}.Release|Any CPU.Build.0 = Release|Any CPU
	EndGlobalSection
	GlobalSection(SolutionProperties) = preSolution
		HideSolutionNode = FALSE
	EndGlobalSection
	GlobalSection(ExtensibilityGlobals) = postSolution
		SolutionGuid = {4AE65A1F-26CD-4890-8039-31E06EB858B5}
	EndGlobalSection
EndGlobal
