
Microsoft Visual Studio Solution File, Format Version 12.00
# Visual Studio Version 17
VisualStudioVersion = 17.7.34202.233
MinimumVisualStudioVersion = 10.0.40219.1
Project("{FAE04EC0-301F-11D3-BF4B-00C04F79EFBC}") = "test_10_17", "test_10_17\test_10_17.csproj", "{7E2BD0C2-B945-4386-93A8-0EB9F4205BEB}"
EndProject
Global
	GlobalSection(SolutionConfigurationPlatforms) = preSolution
		Debug|Any CPU = Debug|Any CPU
		Release|Any CPU = Release|Any CPU
	EndGlobalSection
	GlobalSection(ProjectConfigurationPlatforms) = postSolution
		{7E2BD0C2-B945-4386-93A8-0EB9F4205BEB}.Debug|Any CPU.ActiveCfg = Debug|Any CPU
		{7E2BD0C2-B945-4386-93A8-0EB9F4205BEB}.Debug|Any CPU.Build.0 = Debug|Any CPU
		{7E2BD0C2-B945-4386-93A8-0EB9F4205BEB}.Release|Any CPU.ActiveCfg = Release|Any CPU
		{7E2BD0C2-B945-4386-93A8-0EB9F4205BEB}.Release|Any CPU.Build.0 = Release|Any CPU
	EndGlobalSection
	GlobalSection(SolutionProperties) = preSolution
		HideSolutionNode = FALSE
	EndGlobalSection
	GlobalSection(ExtensibilityGlobals) = postSolution
		SolutionGuid = {0C069C61-DFEE-4383-B3DD-8541B83BBF89}
	EndGlobalSection
EndGlobal
