
Microsoft Visual Studio Solution File, Format Version 12.00
# Visual Studio Version 17
VisualStudioVersion = 17.7.34003.232
MinimumVisualStudioVersion = 10.0.40219.1
Project("{FAE04EC0-301F-11D3-BF4B-00C04F79EFBC}") = "chapter_fore", "chapter_fore\chapter_fore.csproj", "{3060644A-AC91-4A8B-B55B-D9BE4A5066A5}"
EndProject
Global
	GlobalSection(SolutionConfigurationPlatforms) = preSolution
		Debug|Any CPU = Debug|Any CPU
		Release|Any CPU = Release|Any CPU
	EndGlobalSection
	GlobalSection(ProjectConfigurationPlatforms) = postSolution
		{3060644A-AC91-4A8B-B55B-D9BE4A5066A5}.Debug|Any CPU.ActiveCfg = Debug|Any CPU
		{3060644A-AC91-4A8B-B55B-D9BE4A5066A5}.Debug|Any CPU.Build.0 = Debug|Any CPU
		{3060644A-AC91-4A8B-B55B-D9BE4A5066A5}.Release|Any CPU.ActiveCfg = Release|Any CPU
		{3060644A-AC91-4A8B-B55B-D9BE4A5066A5}.Release|Any CPU.Build.0 = Release|Any CPU
	EndGlobalSection
	GlobalSection(SolutionProperties) = preSolution
		HideSolutionNode = FALSE
	EndGlobalSection
	GlobalSection(ExtensibilityGlobals) = postSolution
		SolutionGuid = {39A2C884-20DE-44AD-9B9C-F23C6B0708AB}
	EndGlobalSection
EndGlobal
