
Microsoft Visual Studio Solution File, Format Version 12.00
# Visual Studio Version 17
VisualStudioVersion = 17.7.34221.43
MinimumVisualStudioVersion = 10.0.40219.1
Project("{FAE04EC0-301F-11D3-BF4B-00C04F79EFBC}") = "test_11_3", "test_11_3\test_11_3.csproj", "{CF9FC777-4F4B-4D66-B80D-EBFFE5A70EAA}"
EndProject
Global
	GlobalSection(SolutionConfigurationPlatforms) = preSolution
		Debug|Any CPU = Debug|Any CPU
		Release|Any CPU = Release|Any CPU
	EndGlobalSection
	GlobalSection(ProjectConfigurationPlatforms) = postSolution
		{CF9FC777-4F4B-4D66-B80D-EBFFE5A70EAA}.Debug|Any CPU.ActiveCfg = Debug|Any CPU
		{CF9FC777-4F4B-4D66-B80D-EBFFE5A70EAA}.Debug|Any CPU.Build.0 = Debug|Any CPU
		{CF9FC777-4F4B-4D66-B80D-EBFFE5A70EAA}.Release|Any CPU.ActiveCfg = Release|Any CPU
		{CF9FC777-4F4B-4D66-B80D-EBFFE5A70EAA}.Release|Any CPU.Build.0 = Release|Any CPU
	EndGlobalSection
	GlobalSection(SolutionProperties) = preSolution
		HideSolutionNode = FALSE
	EndGlobalSection
	GlobalSection(ExtensibilityGlobals) = postSolution
		SolutionGuid = {9DE1BD1C-7E6C-4339-98D1-9C995C1E61C9}
	EndGlobalSection
EndGlobal
