
Microsoft Visual Studio Solution File, Format Version 12.00
# Visual Studio Version 17
VisualStudioVersion = 17.7.34221.43
MinimumVisualStudioVersion = 10.0.40219.1
Project("{FAE04EC0-301F-11D3-BF4B-00C04F79EFBC}") = "test_11_8", "test_11_8\test_11_8.csproj", "{00863312-714F-4272-B9C3-1D02F14DB1C5}"
EndProject
Global
	GlobalSection(SolutionConfigurationPlatforms) = preSolution
		Debug|Any CPU = Debug|Any CPU
		Release|Any CPU = Release|Any CPU
	EndGlobalSection
	GlobalSection(ProjectConfigurationPlatforms) = postSolution
		{00863312-714F-4272-B9C3-1D02F14DB1C5}.Debug|Any CPU.ActiveCfg = Debug|Any CPU
		{00863312-714F-4272-B9C3-1D02F14DB1C5}.Debug|Any CPU.Build.0 = Debug|Any CPU
		{00863312-714F-4272-B9C3-1D02F14DB1C5}.Release|Any CPU.ActiveCfg = Release|Any CPU
		{00863312-714F-4272-B9C3-1D02F14DB1C5}.Release|Any CPU.Build.0 = Release|Any CPU
	EndGlobalSection
	GlobalSection(SolutionProperties) = preSolution
		HideSolutionNode = FALSE
	EndGlobalSection
	GlobalSection(ExtensibilityGlobals) = postSolution
		SolutionGuid = {8B265E38-E77A-44DB-9202-A3439026C933}
	EndGlobalSection
EndGlobal
