
Microsoft Visual Studio Solution File, Format Version 12.00
# Visual Studio Version 17
VisualStudioVersion = 17.7.34003.232
MinimumVisualStudioVersion = 10.0.40219.1
Project("{FAE04EC0-301F-11D3-BF4B-00C04F79EFBC}") = "chapter five", "chapter five\chapter five.csproj", "{B95DDA96-8585-41A1-920A-76C846E3AAED}"
EndProject
Global
	GlobalSection(SolutionConfigurationPlatforms) = preSolution
		Debug|Any CPU = Debug|Any CPU
		Release|Any CPU = Release|Any CPU
	EndGlobalSection
	GlobalSection(ProjectConfigurationPlatforms) = postSolution
		{B95DDA96-8585-41A1-920A-76C846E3AAED}.Debug|Any CPU.ActiveCfg = Debug|Any CPU
		{B95DDA96-8585-41A1-920A-76C846E3AAED}.Debug|Any CPU.Build.0 = Debug|Any CPU
		{B95DDA96-8585-41A1-920A-76C846E3AAED}.Release|Any CPU.ActiveCfg = Release|Any CPU
		{B95DDA96-8585-41A1-920A-76C846E3AAED}.Release|Any CPU.Build.0 = Release|Any CPU
	EndGlobalSection
	GlobalSection(SolutionProperties) = preSolution
		HideSolutionNode = FALSE
	EndGlobalSection
	GlobalSection(ExtensibilityGlobals) = postSolution
		SolutionGuid = {B6D2F8FD-9B3E-4313-A4DB-D6445BD25900}
	EndGlobalSection
EndGlobal
