
Microsoft Visual Studio Solution File, Format Version 12.00
# Visual Studio Version 17
VisualStudioVersion = 17.7.34202.233
MinimumVisualStudioVersion = 10.0.40219.1
Project("{FAE04EC0-301F-11D3-BF4B-00C04F79EFBC}") = "test_10_13", "test_10_13\test_10_13.csproj", "{1C27AE95-38DE-426B-8AC0-502BDF69CBED}"
EndProject
Global
	GlobalSection(SolutionConfigurationPlatforms) = preSolution
		Debug|Any CPU = Debug|Any CPU
		Release|Any CPU = Release|Any CPU
	EndGlobalSection
	GlobalSection(ProjectConfigurationPlatforms) = postSolution
		{1C27AE95-38DE-426B-8AC0-502BDF69CBED}.Debug|Any CPU.ActiveCfg = Debug|Any CPU
		{1C27AE95-38DE-426B-8AC0-502BDF69CBED}.Debug|Any CPU.Build.0 = Debug|Any CPU
		{1C27AE95-38DE-426B-8AC0-502BDF69CBED}.Release|Any CPU.ActiveCfg = Release|Any CPU
		{1C27AE95-38DE-426B-8AC0-502BDF69CBED}.Release|Any CPU.Build.0 = Release|Any CPU
	EndGlobalSection
	GlobalSection(SolutionProperties) = preSolution
		HideSolutionNode = FALSE
	EndGlobalSection
	GlobalSection(ExtensibilityGlobals) = postSolution
		SolutionGuid = {66482C10-B395-4927-95E4-BB31C08AE334}
	EndGlobalSection
EndGlobal
