
Microsoft Visual Studio Solution File, Format Version 12.00
# Visual Studio Version 17
VisualStudioVersion = 17.7.34221.43
MinimumVisualStudioVersion = 10.0.40219.1
Project("{FAE04EC0-301F-11D3-BF4B-00C04F79EFBC}") = "test_11_5", "test_11_5\test_11_5.csproj", "{0BDE1FEE-FC4C-4D81-A737-68CDE16E61E2}"
EndProject
Global
	GlobalSection(SolutionConfigurationPlatforms) = preSolution
		Debug|Any CPU = Debug|Any CPU
		Release|Any CPU = Release|Any CPU
	EndGlobalSection
	GlobalSection(ProjectConfigurationPlatforms) = postSolution
		{0BDE1FEE-FC4C-4D81-A737-68CDE16E61E2}.Debug|Any CPU.ActiveCfg = Debug|Any CPU
		{0BDE1FEE-FC4C-4D81-A737-68CDE16E61E2}.Debug|Any CPU.Build.0 = Debug|Any CPU
		{0BDE1FEE-FC4C-4D81-A737-68CDE16E61E2}.Release|Any CPU.ActiveCfg = Release|Any CPU
		{0BDE1FEE-FC4C-4D81-A737-68CDE16E61E2}.Release|Any CPU.Build.0 = Release|Any CPU
	EndGlobalSection
	GlobalSection(SolutionProperties) = preSolution
		HideSolutionNode = FALSE
	EndGlobalSection
	GlobalSection(ExtensibilityGlobals) = postSolution
		SolutionGuid = {8DB12036-58DB-47CC-A2F1-2F059E34EB42}
	EndGlobalSection
EndGlobal
